PODS:
  - biometric_signature (6.2.0):
    - Flutter
  - device_info_plus (0.0.1):
    - Flutter
  - Flutter (1.0.0)
  - flutter_custom_tabs_ios (2.0.0):
    - Flutter
  - flutter_secure_storage (6.0.0):
    - Flutter
  - local_auth_darwin (0.0.1):
    - Flutter
    - FlutterMacOS
  - local_auth_signature (1.0.1):
    - Flutter
    - SignatureBiometricSwift (~> 1.0.10)
  - path_provider_foundation (0.0.1):
    - Flutter
    - FlutterMacOS
  - SignatureBiometricSwift (1.0.10)
  - webview_flutter_wkwebview (0.0.1):
    - Flutter
    - FlutterMacOS

DEPENDENCIES:
  - biometric_signature (from `.symlinks/plugins/biometric_signature/ios`)
  - device_info_plus (from `.symlinks/plugins/device_info_plus/ios`)
  - Flutter (from `Flutter`)
  - flutter_custom_tabs_ios (from `.symlinks/plugins/flutter_custom_tabs_ios/ios`)
  - flutter_secure_storage (from `.symlinks/plugins/flutter_secure_storage/ios`)
  - local_auth_darwin (from `.symlinks/plugins/local_auth_darwin/darwin`)
  - local_auth_signature (from `.symlinks/plugins/local_auth_signature/ios`)
  - path_provider_foundation (from `.symlinks/plugins/path_provider_foundation/darwin`)
  - webview_flutter_wkwebview (from `.symlinks/plugins/webview_flutter_wkwebview/darwin`)

SPEC REPOS:
  trunk:
    - SignatureBiometricSwift

EXTERNAL SOURCES:
  biometric_signature:
    :path: ".symlinks/plugins/biometric_signature/ios"
  device_info_plus:
    :path: ".symlinks/plugins/device_info_plus/ios"
  Flutter:
    :path: Flutter
  flutter_custom_tabs_ios:
    :path: ".symlinks/plugins/flutter_custom_tabs_ios/ios"
  flutter_secure_storage:
    :path: ".symlinks/plugins/flutter_secure_storage/ios"
  local_auth_darwin:
    :path: ".symlinks/plugins/local_auth_darwin/darwin"
  local_auth_signature:
    :path: ".symlinks/plugins/local_auth_signature/ios"
  path_provider_foundation:
    :path: ".symlinks/plugins/path_provider_foundation/darwin"
  webview_flutter_wkwebview:
    :path: ".symlinks/plugins/webview_flutter_wkwebview/darwin"

SPEC CHECKSUMS:
  biometric_signature: 89f8456bee939e7d1646f60785e55c2b4ed193c7
  device_info_plus: 21fcca2080fbcd348be798aa36c3e5ed849eefbe
  Flutter: e0871f40cf51350855a761d2e70bf5af5b9b5de7
  flutter_custom_tabs_ios: dd647919edd75e82ba6b00009eb3460a28c011b8
  flutter_secure_storage: 1ed9476fba7e7a782b22888f956cce43e2c62f13
  local_auth_darwin: 553ce4f9b16d3fdfeafce9cf042e7c9f77c1c391
  local_auth_signature: a65ffa7a0916e3c49f677a688c86bb1be34739d9
  path_provider_foundation: 080d55be775b7414fd5a5ef3ac137b97b097e564
  SignatureBiometricSwift: e8f35299350fe33b93e7a1342ccb88448c80ff98
  webview_flutter_wkwebview: 1821ceac936eba6f7984d89a9f3bcb4dea99ebb2

PODFILE CHECKSUM: 819463e6a0290f5a72f145ba7cde16e8b6ef0796

COCOAPODS: 1.16.2
